{
  "name": "landing",
  "version": "1.0.0",
  "lockfileVersion": 1,
  "requires": true,
  "dependencies": {
    "basic-ftp": {
      "version": "4.5.4",
      "resolved": "https://registry.npmjs.org/basic-ftp/-/basic-ftp-4.5.4.tgz",
      "integrity": "sha512-ANVxqM7BFmlDJydULi14QCvARgSf+wjaGuS6qzl+WxTpN/shFE7c/pN8uxDQfHGZ/MtdUOco/+YeUKjfco8v4A=="
    },
    "dotenv": {
      "version": "8.2.0",
      "resolved": "https://registry.npmjs.org/dotenv/-/dotenv-8.2.0.tgz",
      "integrity": "sha512-8sJ78ElpbDJBHNeBzUbUVLsqKdccaa/BXF1uPTw3GrvQTBgrQrtObr2mUrE38vzYd8cEv+m/JBfDLioYcfXoaw=="
    }
  }
}
